
Microsoft Visual Studio Solution File, Format Version 12.00
# Visual Studio Version 17
VisualStudioVersion = 17.5.33530.505
MinimumVisualStudioVersion = 10.0.40219.1
Project("{FAE04EC0-301F-11D3-BF4B-00C04F79EFBC}") = "StockTrackingMVC", "StockTrackingMVC\StockTrackingMVC.csproj", "{8AF42306-55D2-4908-B1E2-0CB5769674C6}"
EndProject
Global
	GlobalSection(SolutionConfigurationPlatforms) = preSolution
		Debug|Any CPU = Debug|Any CPU
		Release|Any CPU = Release|Any CPU
	EndGlobalSection
	GlobalSection(ProjectConfigurationPlatforms) = postSolution
		{8AF42306-55D2-4908-B1E2-0CB5769674C6}.Debug|Any CPU.ActiveCfg = Debug|Any CPU
		{8AF42306-55D2-4908-B1E2-0CB5769674C6}.Debug|Any CPU.Build.0 = Debug|Any CPU
		{8AF42306-55D2-4908-B1E2-0CB5769674C6}.Release|Any CPU.ActiveCfg = Release|Any CPU
		{8AF42306-55D2-4908-B1E2-0CB5769674C6}.Release|Any CPU.Build.0 = Release|Any CPU
	EndGlobalSection
	GlobalSection(SolutionProperties) = preSolution
		HideSolutionNode = FALSE
	EndGlobalSection
	GlobalSection(ExtensibilityGlobals) = postSolution
		SolutionGuid = {7C029FEA-FD2D-4BB2-8642-1152038E520F}
	EndGlobalSection
EndGlobal
